
Microsoft Visual Studio Solution File, Format Version 12.00
# Visual Studio Version 17
VisualStudioVersion = 17.14.36616.10 d17.14
MinimumVisualStudioVersion = 10.0.40219.1
Project("{FAE04EC0-301F-11D3-BF4B-00C04F79EFBC}") = "FlowerShop", "FlowerShop\FlowerShop.csproj", "{37A223BE-3106-49D1-81B9-2684EED5DF4C}"
EndProject
Global
	GlobalSection(SolutionConfigurationPlatforms) = preSolution
		Debug|Any CPU = Debug|Any CPU
		Release|Any CPU = Release|Any CPU
	EndGlobalSection
	GlobalSection(ProjectConfigurationPlatforms) = postSolution
		{37A223BE-3106-49D1-81B9-2684EED5DF4C}.Debug|Any CPU.ActiveCfg = Debug|Any CPU
		{37A223BE-3106-49D1-81B9-2684EED5DF4C}.Debug|Any CPU.Build.0 = Debug|Any CPU
		{37A223BE-3106-49D1-81B9-2684EED5DF4C}.Release|Any CPU.ActiveCfg = Release|Any CPU
		{37A223BE-3106-49D1-81B9-2684EED5DF4C}.Release|Any CPU.Build.0 = Release|Any CPU
	EndGlobalSection
	GlobalSection(SolutionProperties) = preSolution
		HideSolutionNode = FALSE
	EndGlobalSection
	GlobalSection(ExtensibilityGlobals) = postSolution
		SolutionGuid = {2F4C5807-7931-4B49-B844-F3F3ECD5F34A}
	EndGlobalSection
EndGlobal
